{
  "requires": true,
  "lockfileVersion": 1,
  "dependencies": {
    "binaryen": {
      "version": "48.0.0",
      "resolved": "https://registry.npmjs.org/binaryen/-/binaryen-48.0.0.tgz",
      "integrity": "sha512-UJM23ioc9MDPiHcTCNcm/7gZmmi3nr+S6WLMC6PlGc0qTByLHNGPyMgxNO7IlDw1W0mQJ/skMj2OfV1g/89hFQ=="
    }
  }
}
